
Microsoft Visual Studio Solution File, Format Version 12.00
# Visual Studio Version 17
VisualStudioVersion = 17.6.33927.249
MinimumVisualStudioVersion = 10.0.40219.1
Project("{FAE04EC0-301F-11D3-BF4B-00C04F79EFBC}") = "Foods", "Foods.csproj", "{5E3B0886-227D-4BA9-B924-51EA6B6B535C}"
EndProject
Project("{E53339B2-1760-4266-BCC7-CA923CBCF16C}") = "docker-compose", "docker-compose.dcproj", "{19BF9F8C-60C6-4220-943F-87A1AB111B6C}"
EndProject
Global
	GlobalSection(SolutionConfigurationPlatforms) = preSolution
		Debug|Any CPU = Debug|Any CPU
		Release|Any CPU = Release|Any CPU
	EndGlobalSection
	GlobalSection(ProjectConfigurationPlatforms) = postSolution
		{5E3B0886-227D-4BA9-B924-51EA6B6B535C}.Debug|Any CPU.ActiveCfg = Debug|Any CPU
		{5E3B0886-227D-4BA9-B924-51EA6B6B535C}.Debug|Any CPU.Build.0 = Debug|Any CPU
		{5E3B0886-227D-4BA9-B924-51EA6B6B535C}.Release|Any CPU.ActiveCfg = Release|Any CPU
		{5E3B0886-227D-4BA9-B924-51EA6B6B535C}.Release|Any CPU.Build.0 = Release|Any CPU
		{19BF9F8C-60C6-4220-943F-87A1AB111B6C}.Debug|Any CPU.ActiveCfg = Debug|Any CPU
		{19BF9F8C-60C6-4220-943F-87A1AB111B6C}.Debug|Any CPU.Build.0 = Debug|Any CPU
		{19BF9F8C-60C6-4220-943F-87A1AB111B6C}.Release|Any CPU.ActiveCfg = Release|Any CPU
		{19BF9F8C-60C6-4220-943F-87A1AB111B6C}.Release|Any CPU.Build.0 = Release|Any CPU
	EndGlobalSection
	GlobalSection(SolutionProperties) = preSolution
		HideSolutionNode = FALSE
	EndGlobalSection
	GlobalSection(ExtensibilityGlobals) = postSolution
		SolutionGuid = {95FED4EC-74FF-404A-ADEE-BC83F712CDAA}
	EndGlobalSection
EndGlobal
