
Microsoft Visual Studio Solution File, Format Version 12.00
# Visual Studio Version 16
VisualStudioVersion = 25.0.1706.0
MinimumVisualStudioVersion = 10.0.40219.1
Project("{FAE04EC0-301F-11D3-BF4B-00C04F79EFBC}") = "SeniorFoodOrderSystem_BackEnd_Food_Menu_Enquiry", "SeniorFoodOrderSystem_BackEnd_Food_Menu_Enquiry\SeniorFoodOrderSystem_BackEnd_Food_Menu_Enquiry.csproj", "{D282BEC3-472D-463F-8D3B-1B3D0967167B}"
EndProject
Global
	GlobalSection(SolutionConfigurationPlatforms) = preSolution
		Debug|Any CPU = Debug|Any CPU
		Release|Any CPU = Release|Any CPU
	EndGlobalSection
	GlobalSection(ProjectConfigurationPlatforms) = postSolution
		{D282BEC3-472D-463F-8D3B-1B3D0967167B}.Debug|Any CPU.ActiveCfg = Debug|Any CPU
		{D282BEC3-472D-463F-8D3B-1B3D0967167B}.Debug|Any CPU.Build.0 = Debug|Any CPU
		{D282BEC3-472D-463F-8D3B-1B3D0967167B}.Release|Any CPU.ActiveCfg = Release|Any CPU
		{D282BEC3-472D-463F-8D3B-1B3D0967167B}.Release|Any CPU.Build.0 = Release|Any CPU
	EndGlobalSection
	GlobalSection(SolutionProperties) = preSolution
		HideSolutionNode = FALSE
	EndGlobalSection
	GlobalSection(ExtensibilityGlobals) = postSolution
		SolutionGuid = {4D458E49-9C08-4219-B419-E636990F7C8B}
	EndGlobalSection
EndGlobal
